Microsoft Visual Studio Solution File, Format Version 11.00
# Visual Studio 2008

Project("{AFB5EBE9-120D-52E9-C4CD-3AA175CC52DF}") = "ZTE", "Assembly-CSharp.csproj", "{C8868E4D-3CD7-4026-1FC2-438858FA1AD2}"
EndProject
Global
	GlobalSection(SolutionConfigurationPlatforms) = preSolution
		Debug|Any CPU = Debug|Any CPU
		Release|Any CPU = Release|Any CPU
	EndGlobalSection
	GlobalSection(ProjectConfigurationPlatforms) = postSolution
		{C8868E4D-3CD7-4026-1FC2-438858FA1AD2}.Debug|Any CPU.ActiveCfg = Debug|Any CPU
		{C8868E4D-3CD7-4026-1FC2-438858FA1AD2}.Debug|Any CPU.Build.0 = Debug|Any CPU
		{C8868E4D-3CD7-4026-1FC2-438858FA1AD2}.Release|Any CPU.ActiveCfg = Release|Any CPU
		{C8868E4D-3CD7-4026-1FC2-438858FA1AD2}.Release|Any CPU.Build.0 = Release|Any CPU
	EndGlobalSection
	GlobalSection(SolutionProperties) = preSolution
		HideSolutionNode = FALSE
	EndGlobalSection
	GlobalSection(MonoDevelopProperties) = preSolution
		StartupItem = Assembly-CSharp.csproj
	EndGlobalSection
EndGlobal
